
Microsoft Visual Studio Solution File, Format Version 12.00
# Visual Studio 14
VisualStudioVersion = 14.0.25420.1
MinimumVisualStudioVersion = 10.0.40219.1
Project("{FAE04EC0-301F-11D3-BF4B-00C04F79EFBC}") = "enabled", "enabled\enabled.csproj", "{0FFD1A4D-088E-478B-8FEF-8AEB688BD630}"
EndProject
Global
	GlobalSection(SolutionConfigurationPlatforms) = preSolution
		Debug|Any CPU = Debug|Any CPU
		Release|Any CPU = Release|Any CPU
	EndGlobalSection
	GlobalSection(ProjectConfigurationPlatforms) = postSolution
		{0FFD1A4D-088E-478B-8FEF-8AEB688BD630}.Debug|Any CPU.ActiveCfg = Debug|Any CPU
		{0FFD1A4D-088E-478B-8FEF-8AEB688BD630}.Debug|Any CPU.Build.0 = Debug|Any CPU
		{0FFD1A4D-088E-478B-8FEF-8AEB688BD630}.Release|Any CPU.ActiveCfg = Release|Any CPU
		{0FFD1A4D-088E-478B-8FEF-8AEB688BD630}.Release|Any CPU.Build.0 = Release|Any CPU
	EndGlobalSection
	GlobalSection(SolutionProperties) = preSolution
		HideSolutionNode = FALSE
	EndGlobalSection
EndGlobal
